
Microsoft Visual Studio Solution File, Format Version 12.00
# Visual Studio 15
VisualStudioVersion = 15.0.27703.2026
MinimumVisualStudioVersion = 10.0.40219.1
Project("{FAE04EC0-301F-11D3-BF4B-00C04F79EFBC}") = "Lab16", "Lab16\Lab16.csproj", "{66F83C2A-CB08-472B-BDCC-40169F2BCE08}"
EndProject
Global
	GlobalSection(SolutionConfigurationPlatforms) = preSolution
		Debug|Any CPU = Debug|Any CPU
		Release|Any CPU = Release|Any CPU
	EndGlobalSection
	GlobalSection(ProjectConfigurationPlatforms) = postSolution
		{66F83C2A-CB08-472B-BDCC-40169F2BCE08}.Debug|Any CPU.ActiveCfg = Debug|Any CPU
		{66F83C2A-CB08-472B-BDCC-40169F2BCE08}.Debug|Any CPU.Build.0 = Debug|Any CPU
		{66F83C2A-CB08-472B-BDCC-40169F2BCE08}.Release|Any CPU.ActiveCfg = Release|Any CPU
		{66F83C2A-CB08-472B-BDCC-40169F2BCE08}.Release|Any CPU.Build.0 = Release|Any CPU
	EndGlobalSection
	GlobalSection(SolutionProperties) = preSolution
		HideSolutionNode = FALSE
	EndGlobalSection
	GlobalSection(ExtensibilityGlobals) = postSolution
		SolutionGuid = {A73D0DD4-AA24-43B8-911F-EB60B8762830}
	EndGlobalSection
EndGlobal
